
Microsoft Visual Studio Solution File, Format Version 12.00
# Visual Studio Version 17
VisualStudioVersion = 17.9.34622.214
MinimumVisualStudioVersion = 10.0.40219.1
Project("{FAE04EC0-301F-11D3-BF4B-00C04F79EFBC}") = "Wcf.Server", "Wcf.Server\Wcf.Server.csproj", "{4A663610-28C1-41E7-8A41-B30CEBC9C149}"
EndProject
Project("{FAE04EC0-301F-11D3-BF4B-00C04F79EFBC}") = "Wcf.Client", "Wcf.Client\Wcf.Client.csproj", "{208FA3B4-C2E9-49A6-BF03-8C7A62B5405C}"
EndProject
Global
	GlobalSection(SolutionConfigurationPlatforms) = preSolution
		Debug|Any CPU = Debug|Any CPU
		Release|Any CPU = Release|Any CPU
	EndGlobalSection
	GlobalSection(ProjectConfigurationPlatforms) = postSolution
		{4A663610-28C1-41E7-8A41-B30CEBC9C149}.Debug|Any CPU.ActiveCfg = Debug|Any CPU
		{4A663610-28C1-41E7-8A41-B30CEBC9C149}.Debug|Any CPU.Build.0 = Debug|Any CPU
		{4A663610-28C1-41E7-8A41-B30CEBC9C149}.Release|Any CPU.ActiveCfg = Release|Any CPU
		{4A663610-28C1-41E7-8A41-B30CEBC9C149}.Release|Any CPU.Build.0 = Release|Any CPU
		{208FA3B4-C2E9-49A6-BF03-8C7A62B5405C}.Debug|Any CPU.ActiveCfg = Debug|Any CPU
		{208FA3B4-C2E9-49A6-BF03-8C7A62B5405C}.Debug|Any CPU.Build.0 = Debug|Any CPU
		{208FA3B4-C2E9-49A6-BF03-8C7A62B5405C}.Release|Any CPU.ActiveCfg = Release|Any CPU
		{208FA3B4-C2E9-49A6-BF03-8C7A62B5405C}.Release|Any CPU.Build.0 = Release|Any CPU
	EndGlobalSection
	GlobalSection(SolutionProperties) = preSolution
		HideSolutionNode = FALSE
	EndGlobalSection
	GlobalSection(ExtensibilityGlobals) = postSolution
		SolutionGuid = {2AC8D39B-4DB1-4101-9A43-24449C6500E8}
	EndGlobalSection
EndGlobal
