
Microsoft Visual Studio Solution File, Format Version 12.00
# Visual Studio Version 17
VisualStudioVersion = 17.9.34622.214
MinimumVisualStudioVersion = 10.0.40219.1
Project("{FAE04EC0-301F-11D3-BF4B-00C04F79EFBC}") = "HelloWebServer", "HelloWebServer\HelloWebServer.csproj", "{26E25880-701A-40E0-AB01-605F4C357511}"
EndProject
Project("{FAE04EC0-301F-11D3-BF4B-00C04F79EFBC}") = "HelloWebClient", "HelloWebClient\HelloWebClient.csproj", "{138480A5-DD46-4214-8080-81D7BBDEEEC6}"
	ProjectSection(ProjectDependencies) = postProject
		{26E25880-701A-40E0-AB01-605F4C357511} = {26E25880-701A-40E0-AB01-605F4C357511}
	EndProjectSection
EndProject
Global
	GlobalSection(SolutionConfigurationPlatforms) = preSolution
		Debug|Any CPU = Debug|Any CPU
		Release|Any CPU = Release|Any CPU
	EndGlobalSection
	GlobalSection(ProjectConfigurationPlatforms) = postSolution
		{26E25880-701A-40E0-AB01-605F4C357511}.Debug|Any CPU.ActiveCfg = Debug|Any CPU
		{26E25880-701A-40E0-AB01-605F4C357511}.Debug|Any CPU.Build.0 = Debug|Any CPU
		{26E25880-701A-40E0-AB01-605F4C357511}.Release|Any CPU.ActiveCfg = Release|Any CPU
		{26E25880-701A-40E0-AB01-605F4C357511}.Release|Any CPU.Build.0 = Release|Any CPU
		{138480A5-DD46-4214-8080-81D7BBDEEEC6}.Debug|Any CPU.ActiveCfg = Debug|Any CPU
		{138480A5-DD46-4214-8080-81D7BBDEEEC6}.Debug|Any CPU.Build.0 = Debug|Any CPU
		{138480A5-DD46-4214-8080-81D7BBDEEEC6}.Release|Any CPU.ActiveCfg = Release|Any CPU
		{138480A5-DD46-4214-8080-81D7BBDEEEC6}.Release|Any CPU.Build.0 = Release|Any CPU
	EndGlobalSection
	GlobalSection(SolutionProperties) = preSolution
		HideSolutionNode = FALSE
	EndGlobalSection
	GlobalSection(ExtensibilityGlobals) = postSolution
		SolutionGuid = {1E31CCB0-31C3-40ED-A53F-AFB1573E9B33}
	EndGlobalSection
EndGlobal
