
Microsoft Visual Studio Solution File, Format Version 12.00
# Visual Studio Version 17
VisualStudioVersion = 17.9.34622.214
MinimumVisualStudioVersion = 10.0.40219.1
Project("{FAE04EC0-301F-11D3-BF4B-00C04F79EFBC}") = "HelloWindowsClient", "HelloWindowsClient.csproj", "{FA4E229C-8B3F-4FB6-834A-B7AB384E7B97}"
EndProject
Global
	GlobalSection(SolutionConfigurationPlatforms) = preSolution
		Debug|Any CPU = Debug|Any CPU
		Release|Any CPU = Release|Any CPU
	EndGlobalSection
	GlobalSection(ProjectConfigurationPlatforms) = postSolution
		{FA4E229C-8B3F-4FB6-834A-B7AB384E7B97}.Debug|Any CPU.ActiveCfg = Debug|Any CPU
		{FA4E229C-8B3F-4FB6-834A-B7AB384E7B97}.Debug|Any CPU.Build.0 = Debug|Any CPU
		{FA4E229C-8B3F-4FB6-834A-B7AB384E7B97}.Release|Any CPU.ActiveCfg = Release|Any CPU
		{FA4E229C-8B3F-4FB6-834A-B7AB384E7B97}.Release|Any CPU.Build.0 = Release|Any CPU
	EndGlobalSection
	GlobalSection(SolutionProperties) = preSolution
		HideSolutionNode = FALSE
	EndGlobalSection
	GlobalSection(ExtensibilityGlobals) = postSolution
		SolutionGuid = {CC8C63FA-7D09-4B59-9CBE-216391358983}
	EndGlobalSection
EndGlobal
